// !$*UTF8*$!
{
	archiveVersion = 1;
	classes = {
	};
	objectVersion = 77;
	objects = {

/* Begin PBXBuildFile section */
		01BE5E81017488ADFC97974D /* SplitDropZone.swift in Sources */ = {isa = PBXBuildFile; fileRef = AC117D2A5C7BE36B48F6B79E /* SplitDropZone.swift */; };
		15B3480BBD6D0A4DDB2B9CBE /* PersistenceService.swift in Sources */ = {isa = PBXBuildFile; fileRef = B30A8EA14811DEDE4BA3C8B0 /* PersistenceService.swift */; };
		1C5951CC2DDF160D9069187D /* AppState.swift in Sources */ = {isa = PBXBuildFile; fileRef = 2705F34CBFF710F0B3B61093 /* AppState.swift */; };
		21DA4B18691E5284DB6CB5F4 /* WindowChromeConfigurator.swift in Sources */ = {isa = PBXBuildFile; fileRef = 6284E25BADA3425EDB7A9E62 /* WindowChromeConfigurator.swift */; };
		2C7B2F33F6C7194C7F84EF31 /* SplitNode.swift in Sources */ = {isa = PBXBuildFile; fileRef = 2D5B37ABA0DB8467985088D4 /* SplitNode.swift */; };
		5416187C450CAE0F2AD9332E /* TerminalHistoryService.swift in Sources */ = {isa = PBXBuildFile; fileRef = 403BA34C7DF212B769699C23 /* TerminalHistoryService.swift */; };
		66192DB1AF262B414D092C5A /* TabBarView.swift in Sources */ = {isa = PBXBuildFile; fileRef = 7BEAE08ADC09A5C7ABB2AC4A /* TabBarView.swift */; };
		6B7A9D6C0E6F4A2E9D2C1F10 /* VerticalTabBar.swift in Sources */ = {isa = PBXBuildFile; fileRef = 7C4E5A2B1D8F4C6A9E3B7D20 /* VerticalTabBar.swift */; };
		6A612B953C0F2248490EB0A1 /* FloatingZoomButton.swift in Sources */ = {isa = PBXBuildFile; fileRef = 0363EC81A3AE7DA34F86689B /* FloatingZoomButton.swift */; };
		6CD2868F7B2D8343DFD42D60 /* SwiftTerm in Frameworks */ = {isa = PBXBuildFile; productRef = 92BE316271B9F5387DA99138 /* SwiftTerm */; };
		6D04D771F9DDBD603412B9CA /* SplitPaneView.swift in Sources */ = {isa = PBXBuildFile; fileRef = 1C5637445360D508E1A265A6 /* SplitPaneView.swift */; };
		75896E33B7F227DC257262C5 /* TerminalHistoryView.swift in Sources */ = {isa = PBXBuildFile; fileRef = A9317565C43CD3745A495839 /* TerminalHistoryView.swift */; };
		76224873C9A3B07E5BB4DB10 /* Assets.xcassets in Resources */ = {isa = PBXBuildFile; fileRef = A29FB0FA907A1116BD352F22 /* Assets.xcassets */; };
		80D7C0A9D2062366C81138D7 /* TabPanelView.swift in Sources */ = {isa = PBXBuildFile; fileRef = 8F66998C1C01601FFB7495CB /* TabPanelView.swift */; };
		838CCD0A18F6D42FACCA1214 /* NotificationToast.swift in Sources */ = {isa = PBXBuildFile; fileRef = 6C39C38404B471CD98B0F5EE /* NotificationToast.swift */; };
		9045A91F80361305B8F68C04 /* CommandPaletteView.swift in Sources */ = {isa = PBXBuildFile; fileRef = 0450FA03717F0A10E8B13CCC /* CommandPaletteView.swift */; };
		91988B19EB460BE7E6A877E1 /* NotificationService.swift in Sources */ = {isa = PBXBuildFile; fileRef = 0C9D503C838C9F45E17633E3 /* NotificationService.swift */; };
		AC8EB4C59954B7993FC17B26 /* TerminalHistory.swift in Sources */ = {isa = PBXBuildFile; fileRef = 2DB0D582624EB54FE1534670 /* TerminalHistory.swift */; };
		ADF1C4C302275A723244D70B /* Sparkle in Frameworks */ = {isa = PBXBuildFile; productRef = BB51791940E0588FFF39BB96 /* Sparkle */; };
		B4E0F734055B26A5F632DDA8 /* bin in Resources */ = {isa = PBXBuildFile; fileRef = D5D9BAABFB4C3CD03DEB4BD2 /* bin */; };
		B959724F3733DC1DF1145313 /* SettingsView.swift in Sources */ = {isa = PBXBuildFile; fileRef = AF1A68A30C80A52EE65AF9EF /* SettingsView.swift */; };
		C18E185C52DFAC23171C2F49 /* Session.swift in Sources */ = {isa = PBXBuildFile; fileRef = 89BBBE1D992BC359C869F114 /* Session.swift */; };
		C3492213A12230A5169EE20F /* BreadcrumbBar.swift in Sources */ = {isa = PBXBuildFile; fileRef = AE127C75EE05E61FA4E9DFA7 /* BreadcrumbBar.swift */; };
		CC00821A89047FC5A9D5B8A1 /* TerminalSearchBar.swift in Sources */ = {isa = PBXBuildFile; fileRef = A3A3F11B4021ECCA5F2B8172 /* TerminalSearchBar.swift */; };
		CF0E7EFE2E8FE8FDDEDF1CFF /* ContentView.swift in Sources */ = {isa = PBXBuildFile; fileRef = DA94958C7B3C9598143CD854 /* ContentView.swift */; };
		D58AA81572470B3D1C582CBD /* TabContentView.swift in Sources */ = {isa = PBXBuildFile; fileRef = 454AD7737E071BBD07A15594 /* TabContentView.swift */; };
		DA2FFA62D1720021D5BFD5FE /* TermacApp.swift in Sources */ = {isa = PBXBuildFile; fileRef = E5C0C4193D054715A4CBB97F /* TermacApp.swift */; };
		DC29667FF2CC5F39BE8FB3A6 /* Tab.swift in Sources */ = {isa = PBXBuildFile; fileRef = DCF1D3D1A0FF0AD4CA36A3A3 /* Tab.swift */; };
		EA524D5C7F145B26382F1BAA /* SettingsManager.swift in Sources */ = {isa = PBXBuildFile; fileRef = D38A76841084268D605FC270 /* SettingsManager.swift */; };
		EDE1EFD4FCFAF4CD7DD6F5DC /* ClaudeHookService.swift in Sources */ = {isa = PBXBuildFile; fileRef = E6DECAC9A6DE7F237902D6A6 /* ClaudeHookService.swift */; };
		F46C56F3D59185B62B999BF9 /* ShellExecutor.swift in Sources */ = {isa = PBXBuildFile; fileRef = 8CA791722194F1B9618ED6E1 /* ShellExecutor.swift */; };
		F946BB61A50A6124AA9E60DB /* EmptyStateView.swift in Sources */ = {isa = PBXBuildFile; fileRef = 1FCDF76A742361D9CA88C024 /* EmptyStateView.swift */; };
		FF6C2243E0A7347264EA61FB /* NativeContextMenu.swift in Sources */ = {isa = PBXBuildFile; fileRef = D5E5BF3A7546C93A6AB4E009 /* NativeContextMenu.swift */; };
/* End PBXBuildFile section */

/* Begin PBXFileReference section */
		0363EC81A3AE7DA34F86689B /* FloatingZoomButton.swift */ = {isa = PBXFileReference; lastKnownFileType = sourcecode.swift; path = FloatingZoomButton.swift; sourceTree = "<group>"; };
		0450FA03717F0A10E8B13CCC /* CommandPaletteView.swift */ = {isa = PBXFileReference; lastKnownFileType = sourcecode.swift; path = CommandPaletteView.swift; sourceTree = "<group>"; };
		0C9D503C838C9F45E17633E3 /* NotificationService.swift */ = {isa = PBXFileReference; lastKnownFileType = sourcecode.swift; path = NotificationService.swift; sourceTree = "<group>"; };
		1C5637445360D508E1A265A6 /* SplitPaneView.swift */ = {isa = PBXFileReference; lastKnownFileType = sourcecode.swift; path = SplitPaneView.swift; sourceTree = "<group>"; };
		1FCDF76A742361D9CA88C024 /* EmptyStateView.swift */ = {isa = PBXFileReference; lastKnownFileType = sourcecode.swift; path = EmptyStateView.swift; sourceTree = "<group>"; };
		2705F34CBFF710F0B3B61093 /* AppState.swift */ = {isa = PBXFileReference; lastKnownFileType = sourcecode.swift; path = AppState.swift; sourceTree = "<group>"; };
		2D5B37ABA0DB8467985088D4 /* SplitNode.swift */ = {isa = PBXFileReference; lastKnownFileType = sourcecode.swift; path = SplitNode.swift; sourceTree = "<group>"; };
		2DB0D582624EB54FE1534670 /* TerminalHistory.swift */ = {isa = PBXFileReference; lastKnownFileType = sourcecode.swift; path = TerminalHistory.swift; sourceTree = "<group>"; };
		403BA34C7DF212B769699C23 /* TerminalHistoryService.swift */ = {isa = PBXFileReference; lastKnownFileType = sourcecode.swift; path = TerminalHistoryService.swift; sourceTree = "<group>"; };
		454AD7737E071BBD07A15594 /* TabContentView.swift */ = {isa = PBXFileReference; lastKnownFileType = sourcecode.swift; path = TabContentView.swift; sourceTree = "<group>"; };
		6284E25BADA3425EDB7A9E62 /* WindowChromeConfigurator.swift */ = {isa = PBXFileReference; lastKnownFileType = sourcecode.swift; path = WindowChromeConfigurator.swift; sourceTree = "<group>"; };
		6C39C38404B471CD98B0F5EE /* NotificationToast.swift */ = {isa = PBXFileReference; lastKnownFileType = sourcecode.swift; path = NotificationToast.swift; sourceTree = "<group>"; };
		7BEAE08ADC09A5C7ABB2AC4A /* TabBarView.swift */ = {isa = PBXFileReference; lastKnownFileType = sourcecode.swift; path = TabBarView.swift; sourceTree = "<group>"; };
		7C4E5A2B1D8F4C6A9E3B7D20 /* VerticalTabBar.swift */ = {isa = PBXFileReference; lastKnownFileType = sourcecode.swift; path = VerticalTabBar.swift; sourceTree = "<group>"; };
		89BBBE1D992BC359C869F114 /* Session.swift */ = {isa = PBXFileReference; lastKnownFileType = sourcecode.swift; path = Session.swift; sourceTree = "<group>"; };
		8AE3BADABDA7191D7EA65125 /* Termac.entitlements */ = {isa = PBXFileReference; lastKnownFileType = text.plist.entitlements; path = Termac.entitlements; sourceTree = "<group>"; };
		8CA791722194F1B9618ED6E1 /* ShellExecutor.swift */ = {isa = PBXFileReference; lastKnownFileType = sourcecode.swift; path = ShellExecutor.swift; sourceTree = "<group>"; };
		8F66998C1C01601FFB7495CB /* TabPanelView.swift */ = {isa = PBXFileReference; lastKnownFileType = sourcecode.swift; path = TabPanelView.swift; sourceTree = "<group>"; };
		A29FB0FA907A1116BD352F22 /* Assets.xcassets */ = {isa = PBXFileReference; lastKnownFileType = folder.assetcatalog; path = Assets.xcassets; sourceTree = "<group>"; };
		A3A3F11B4021ECCA5F2B8172 /* TerminalSearchBar.swift */ = {isa = PBXFileReference; lastKnownFileType = sourcecode.swift; path = TerminalSearchBar.swift; sourceTree = "<group>"; };
		A84FEAD698B8DD8897724E27 /* Info.plist */ = {isa = PBXFileReference; lastKnownFileType = text.plist; path = Info.plist; sourceTree = "<group>"; };
		A9317565C43CD3745A495839 /* TerminalHistoryView.swift */ = {isa = PBXFileReference; lastKnownFileType = sourcecode.swift; path = TerminalHistoryView.swift; sourceTree = "<group>"; };
		AC117D2A5C7BE36B48F6B79E /* SplitDropZone.swift */ = {isa = PBXFileReference; lastKnownFileType = sourcecode.swift; path = SplitDropZone.swift; sourceTree = "<group>"; };
		AE127C75EE05E61FA4E9DFA7 /* BreadcrumbBar.swift */ = {isa = PBXFileReference; lastKnownFileType = sourcecode.swift; path = BreadcrumbBar.swift; sourceTree = "<group>"; };
		AF1A68A30C80A52EE65AF9EF /* SettingsView.swift */ = {isa = PBXFileReference; lastKnownFileType = sourcecode.swift; path = SettingsView.swift; sourceTree = "<group>"; };
		B30A8EA14811DEDE4BA3C8B0 /* PersistenceService.swift */ = {isa = PBXFileReference; lastKnownFileType = sourcecode.swift; path = PersistenceService.swift; sourceTree = "<group>"; };
		D38A76841084268D605FC270 /* SettingsManager.swift */ = {isa = PBXFileReference; lastKnownFileType = sourcecode.swift; path = SettingsManager.swift; sourceTree = "<group>"; };
		D5D9BAABFB4C3CD03DEB4BD2 /* bin */ = {isa = PBXFileReference; lastKnownFileType = folder; name = bin; path = Termac/Resources/bin; sourceTree = SOURCE_ROOT; };
		D5E5BF3A7546C93A6AB4E009 /* NativeContextMenu.swift */ = {isa = PBXFileReference; lastKnownFileType = sourcecode.swift; path = NativeContextMenu.swift; sourceTree = "<group>"; };
		DA94958C7B3C9598143CD854 /* ContentView.swift */ = {isa = PBXFileReference; lastKnownFileType = sourcecode.swift; path = ContentView.swift; sourceTree = "<group>"; };
		DCF1D3D1A0FF0AD4CA36A3A3 /* Tab.swift */ = {isa = PBXFileReference; lastKnownFileType = sourcecode.swift; path = Tab.swift; sourceTree = "<group>"; };
		E5A887AD18F9732AED899516 /* Termac.app */ = {isa = PBXFileReference; explicitFileType = wrapper.application; includeInIndex = 0; path = Termac.app; sourceTree = BUILT_PRODUCTS_DIR; };
		E5C0C4193D054715A4CBB97F /* TermacApp.swift */ = {isa = PBXFileReference; lastKnownFileType = sourcecode.swift; path = TermacApp.swift; sourceTree = "<group>"; };
		E6DECAC9A6DE7F237902D6A6 /* ClaudeHookService.swift */ = {isa = PBXFileReference; lastKnownFileType = sourcecode.swift; path = ClaudeHookService.swift; sourceTree = "<group>"; };
/* End PBXFileReference section */

/* Begin PBXFrameworksBuildPhase section */
		53E55D1292A3B2101D429A95 /* Frameworks */ = {
			isa = PBXFrameworksBuildPhase;
			buildActionMask = 2147483647;
			files = (
				6CD2868F7B2D8343DFD42D60 /* SwiftTerm in Frameworks */,
				ADF1C4C302275A723244D70B /* Sparkle in Frameworks */,
			);
			runOnlyForDeploymentPostprocessing = 0;
		};
/* End PBXFrameworksBuildPhase section */

/* Begin PBXGroup section */
		0352FB5F20A6DEA91F194F8B /* TabContent */ = {
			isa = PBXGroup;
			children = (
				7BEAE08ADC09A5C7ABB2AC4A /* TabBarView.swift */,
				454AD7737E071BBD07A15594 /* TabContentView.swift */,
				8F66998C1C01601FFB7495CB /* TabPanelView.swift */,
				7C4E5A2B1D8F4C6A9E3B7D20 /* VerticalTabBar.swift */,
			);
			path = TabContent;
			sourceTree = "<group>";
		};
		0B13FB3AC9006BE60A51D478 /* App */ = {
			isa = PBXGroup;
			children = (
				E5C0C4193D054715A4CBB97F /* TermacApp.swift */,
				6284E25BADA3425EDB7A9E62 /* WindowChromeConfigurator.swift */,
			);
			path = App;
			sourceTree = "<group>";
		};
		1E2130CC13F98BB452B62F5F /* Termac */ = {
			isa = PBXGroup;
			children = (
				A29FB0FA907A1116BD352F22 /* Assets.xcassets */,
				A84FEAD698B8DD8897724E27 /* Info.plist */,
				8AE3BADABDA7191D7EA65125 /* Termac.entitlements */,
				0B13FB3AC9006BE60A51D478 /* App */,
				72144FC06731CA5685F4EDA1 /* Models */,
				B34B49222ED8F4DC0B1844FF /* Services */,
				D4ABA6EF709F24DC494CFAF2 /* Views */,
			);
			path = Termac;
			sourceTree = "<group>";
		};
		3F873ACDA3EC485CD58EA9CD = {
			isa = PBXGroup;
			children = (
				D5D9BAABFB4C3CD03DEB4BD2 /* bin */,
				1E2130CC13F98BB452B62F5F /* Termac */,
				66200C6B44B0D218932911C0 /* Products */,
			);
			sourceTree = "<group>";
		};
		66200C6B44B0D218932911C0 /* Products */ = {
			isa = PBXGroup;
			children = (
				E5A887AD18F9732AED899516 /* Termac.app */,
			);
			name = Products;
			sourceTree = "<group>";
		};
		72144FC06731CA5685F4EDA1 /* Models */ = {
			isa = PBXGroup;
			children = (
				2705F34CBFF710F0B3B61093 /* AppState.swift */,
				89BBBE1D992BC359C869F114 /* Session.swift */,
				2D5B37ABA0DB8467985088D4 /* SplitNode.swift */,
				DCF1D3D1A0FF0AD4CA36A3A3 /* Tab.swift */,
				2DB0D582624EB54FE1534670 /* TerminalHistory.swift */,
			);
			path = Models;
			sourceTree = "<group>";
		};
		B34B49222ED8F4DC0B1844FF /* Services */ = {
			isa = PBXGroup;
			children = (
				E6DECAC9A6DE7F237902D6A6 /* ClaudeHookService.swift */,
				0C9D503C838C9F45E17633E3 /* NotificationService.swift */,
				B30A8EA14811DEDE4BA3C8B0 /* PersistenceService.swift */,
				D38A76841084268D605FC270 /* SettingsManager.swift */,
				8CA791722194F1B9618ED6E1 /* ShellExecutor.swift */,
				403BA34C7DF212B769699C23 /* TerminalHistoryService.swift */,
			);
			path = Services;
			sourceTree = "<group>";
		};
		C11B82949CBB904591BA9395 /* Components */ = {
			isa = PBXGroup;
			children = (
				AE127C75EE05E61FA4E9DFA7 /* BreadcrumbBar.swift */,
				0450FA03717F0A10E8B13CCC /* CommandPaletteView.swift */,
				1FCDF76A742361D9CA88C024 /* EmptyStateView.swift */,
				0363EC81A3AE7DA34F86689B /* FloatingZoomButton.swift */,
				D5E5BF3A7546C93A6AB4E009 /* NativeContextMenu.swift */,
				6C39C38404B471CD98B0F5EE /* NotificationToast.swift */,
				AF1A68A30C80A52EE65AF9EF /* SettingsView.swift */,
				AC117D2A5C7BE36B48F6B79E /* SplitDropZone.swift */,
				1C5637445360D508E1A265A6 /* SplitPaneView.swift */,
				A9317565C43CD3745A495839 /* TerminalHistoryView.swift */,
				A3A3F11B4021ECCA5F2B8172 /* TerminalSearchBar.swift */,
			);
			path = Components;
			sourceTree = "<group>";
		};
		D4ABA6EF709F24DC494CFAF2 /* Views */ = {
			isa = PBXGroup;
			children = (
				DA94958C7B3C9598143CD854 /* ContentView.swift */,
				C11B82949CBB904591BA9395 /* Components */,
				D914D41E9C0019AC4E7530DB /* Sidebar */,
				0352FB5F20A6DEA91F194F8B /* TabContent */,
			);
			path = Views;
			sourceTree = "<group>";
		};
		D914D41E9C0019AC4E7530DB /* Sidebar */ = {
			isa = PBXGroup;
			children = (
			);
			path = Sidebar;
			sourceTree = "<group>";
		};
		"TEMP_16D94F6C-934C-47D4-BA14-34C3214BCB16" /* Resources */ = {
			isa = PBXGroup;
			children = (
			);
			path = Resources;
			sourceTree = "<group>";
		};
/* End PBXGroup section */

/* Begin PBXNativeTarget section */
		16157BEBD28BE2F0C1713998 /* Termac */ = {
			isa = PBXNativeTarget;
			buildConfigurationList = 54BA1CD4C950987A6E1B3170 /* Build configuration list for PBXNativeTarget "Termac" */;
			buildPhases = (
				DEA3C444B2E11506084AEDF9 /* Sources */,
				754868263CFF2F44B1F45218 /* Resources */,
				53E55D1292A3B2101D429A95 /* Frameworks */,
			);
			buildRules = (
			);
			dependencies = (
			);
			name = Termac;
			packageProductDependencies = (
				92BE316271B9F5387DA99138 /* SwiftTerm */,
				BB51791940E0588FFF39BB96 /* Sparkle */,
			);
			productName = Termac;
			productReference = E5A887AD18F9732AED899516 /* Termac.app */;
			productType = "com.apple.product-type.application";
		};
/* End PBXNativeTarget section */

/* Begin PBXProject section */
		1133E74139A0565A271CBD98 /* Project object */ = {
			isa = PBXProject;
			attributes = {
				BuildIndependentTargetsInParallel = YES;
				LastUpgradeCheck = 2600;
				TargetAttributes = {
					16157BEBD28BE2F0C1713998 = {
						DevelopmentTeam = 2XGP34AR96;
					};
				};
			};
			buildConfigurationList = 9BFD4261F51D8037058AC6F7 /* Build configuration list for PBXProject "Termac" */;
			compatibilityVersion = "Xcode 14.0";
			developmentRegion = en;
			hasScannedForEncodings = 0;
			knownRegions = (
				Base,
				en,
			);
			mainGroup = 3F873ACDA3EC485CD58EA9CD;
			minimizedProjectReferenceProxies = 1;
			packageReferences = (
				8C66FED3D6B90386511912F8 /* XCRemoteSwiftPackageReference "Sparkle" */,
				DC51D7C121B0673D0F8223C3 /* XCRemoteSwiftPackageReference "SwiftTerm" */,
			);
			preferredProjectObjectVersion = 77;
			projectDirPath = "";
			projectRoot = "";
			targets = (
				16157BEBD28BE2F0C1713998 /* Termac */,
			);
		};
/* End PBXProject section */

/* Begin PBXResourcesBuildPhase section */
		754868263CFF2F44B1F45218 /* Resources */ = {
			isa = PBXResourcesBuildPhase;
			buildActionMask = 2147483647;
			files = (
				76224873C9A3B07E5BB4DB10 /* Assets.xcassets in Resources */,
				B4E0F734055B26A5F632DDA8 /* bin in Resources */,
			);
			runOnlyForDeploymentPostprocessing = 0;
		};
/* End PBXResourcesBuildPhase section */

/* Begin PBXSourcesBuildPhase section */
		DEA3C444B2E11506084AEDF9 /* Sources */ = {
			isa = PBXSourcesBuildPhase;
			buildActionMask = 2147483647;
			files = (
				1C5951CC2DDF160D9069187D /* AppState.swift in Sources */,
				C3492213A12230A5169EE20F /* BreadcrumbBar.swift in Sources */,
				EDE1EFD4FCFAF4CD7DD6F5DC /* ClaudeHookService.swift in Sources */,
				9045A91F80361305B8F68C04 /* CommandPaletteView.swift in Sources */,
				CF0E7EFE2E8FE8FDDEDF1CFF /* ContentView.swift in Sources */,
				F946BB61A50A6124AA9E60DB /* EmptyStateView.swift in Sources */,
				6A612B953C0F2248490EB0A1 /* FloatingZoomButton.swift in Sources */,
				FF6C2243E0A7347264EA61FB /* NativeContextMenu.swift in Sources */,
				91988B19EB460BE7E6A877E1 /* NotificationService.swift in Sources */,
				838CCD0A18F6D42FACCA1214 /* NotificationToast.swift in Sources */,
				15B3480BBD6D0A4DDB2B9CBE /* PersistenceService.swift in Sources */,
				C18E185C52DFAC23171C2F49 /* Session.swift in Sources */,
				EA524D5C7F145B26382F1BAA /* SettingsManager.swift in Sources */,
				B959724F3733DC1DF1145313 /* SettingsView.swift in Sources */,
				F46C56F3D59185B62B999BF9 /* ShellExecutor.swift in Sources */,
				01BE5E81017488ADFC97974D /* SplitDropZone.swift in Sources */,
				DA2FFA62D1720021D5BFD5FE /* TermacApp.swift in Sources */,
				2C7B2F33F6C7194C7F84EF31 /* SplitNode.swift in Sources */,
				6D04D771F9DDBD603412B9CA /* SplitPaneView.swift in Sources */,
				DC29667FF2CC5F39BE8FB3A6 /* Tab.swift in Sources */,
				66192DB1AF262B414D092C5A /* TabBarView.swift in Sources */,
				6B7A9D6C0E6F4A2E9D2C1F10 /* VerticalTabBar.swift in Sources */,
				D58AA81572470B3D1C582CBD /* TabContentView.swift in Sources */,
				80D7C0A9D2062366C81138D7 /* TabPanelView.swift in Sources */,
				AC8EB4C59954B7993FC17B26 /* TerminalHistory.swift in Sources */,
				5416187C450CAE0F2AD9332E /* TerminalHistoryService.swift in Sources */,
				75896E33B7F227DC257262C5 /* TerminalHistoryView.swift in Sources */,
				CC00821A89047FC5A9D5B8A1 /* TerminalSearchBar.swift in Sources */,
				21DA4B18691E5284DB6CB5F4 /* WindowChromeConfigurator.swift in Sources */,
			);
			runOnlyForDeploymentPostprocessing = 0;
		};
/* End PBXSourcesBuildPhase section */

/* Begin XCBuildConfiguration section */
		463DE31DF01B3B48DEDFA47D /* Release */ = {
			isa = XCBuildConfiguration;
			buildSettings = {
				ALWAYS_SEARCH_USER_PATHS = NO;
				ASSETCATALOG_COMPILER_GENERATE_SWIFT_ASSET_SYMBOL_EXTENSIONS = YES;
				CLANG_ANALYZER_NONNULL = YES;
				CLANG_ANALYZER_NUMBER_OBJECT_CONVERSION = YES_AGGRESSIVE;
				CLANG_CXX_LANGUAGE_STANDARD = "gnu++14";
				CLANG_CXX_LIBRARY = "libc++";
				CLANG_ENABLE_MODULES = YES;
				CLANG_ENABLE_OBJC_ARC = YES;
				CLANG_ENABLE_OBJC_WEAK = YES;
				CLANG_WARN_BLOCK_CAPTURE_AUTORELEASING = YES;
				CLANG_WARN_BOOL_CONVERSION = YES;
				CLANG_WARN_COMMA = YES;
				CLANG_WARN_CONSTANT_CONVERSION = YES;
				CLANG_WARN_DEPRECATED_OBJC_IMPLEMENTATIONS = YES;
				CLANG_WARN_DIRECT_OBJC_ISA_USAGE = YES_ERROR;
				CLANG_WARN_DOCUMENTATION_COMMENTS = YES;
				CLANG_WARN_EMPTY_BODY = YES;
				CLANG_WARN_ENUM_CONVERSION = YES;
				CLANG_WARN_INFINITE_RECURSION = YES;
				CLANG_WARN_INT_CONVERSION = YES;
				CLANG_WARN_NON_LITERAL_NULL_CONVERSION = YES;
				CLANG_WARN_OBJC_IMPLICIT_RETAIN_SELF = YES;
				CLANG_WARN_OBJC_LITERAL_CONVERSION = YES;
				CLANG_WARN_OBJC_ROOT_CLASS = YES_ERROR;
				CLANG_WARN_QUOTED_INCLUDE_IN_FRAMEWORK_HEADER = YES;
				CLANG_WARN_RANGE_LOOP_ANALYSIS = YES;
				CLANG_WARN_STRICT_PROTOTYPES = YES;
				CLANG_WARN_SUSPICIOUS_MOVE = YES;
				CLANG_WARN_UNGUARDED_AVAILABILITY = YES_AGGRESSIVE;
				CLANG_WARN_UNREACHABLE_CODE = YES;
				CLANG_WARN__DUPLICATE_METHOD_MATCH = YES;
				COPY_PHASE_STRIP = NO;
				DEAD_CODE_STRIPPING = YES;
				DEBUG_INFORMATION_FORMAT = "dwarf-with-dsym";
				DEVELOPMENT_TEAM = 2XGP34AR96;
				ENABLE_NS_ASSERTIONS = NO;
				ENABLE_STRICT_OBJC_MSGSEND = YES;
				ENABLE_USER_SCRIPT_SANDBOXING = YES;
				GCC_C_LANGUAGE_STANDARD = gnu11;
				GCC_NO_COMMON_BLOCKS = YES;
				GCC_WARN_64_TO_32_BIT_CONVERSION = YES;
				GCC_WARN_ABOUT_RETURN_TYPE = YES_ERROR;
				GCC_WARN_UNDECLARED_SELECTOR = YES;
				GCC_WARN_UNINITIALIZED_AUTOS = YES_AGGRESSIVE;
				GCC_WARN_UNUSED_FUNCTION = YES;
				GCC_WARN_UNUSED_VARIABLE = YES;
				MACOSX_DEPLOYMENT_TARGET = 15.0;
				MTL_ENABLE_DEBUG_INFO = NO;
				MTL_FAST_MATH = YES;
				PRODUCT_NAME = "$(TARGET_NAME)";
				SDKROOT = macosx;
				SWIFT_COMPILATION_MODE = wholemodule;
				SWIFT_OPTIMIZATION_LEVEL = "-O";
				SWIFT_VERSION = 6.0;
			};
			name = Release;
		};
		77401E0D03EA8B3A82558350 /* Release */ = {
			isa = XCBuildConfiguration;
			buildSettings = {
				ASSETCATALOG_COMPILER_APPICON_NAME = AppIcon;
				CODE_SIGN_ENTITLEMENTS = Termac/Termac.entitlements;
				COMBINE_HIDPI_IMAGES = YES;
				CURRENT_PROJECT_VERSION = 10;
				INFOPLIST_FILE = Termac/Info.plist;
				LD_RUNPATH_SEARCH_PATHS = (
					"$(inherited)",
					"@executable_path/../Frameworks",
				);
				MARKETING_VERSION = 1.0.8;
				PRODUCT_BUNDLE_IDENTIFIER = com.levi.Termac;
				SDKROOT = macosx;
				SWIFT_STRICT_CONCURRENCY = complete;
			};
			name = Release;
		};
		B1E8A58BD3FC8D68293579DA /* Debug */ = {
			isa = XCBuildConfiguration;
			buildSettings = {
				ASSETCATALOG_COMPILER_APPICON_NAME = AppIcon;
				CODE_SIGN_ENTITLEMENTS = Termac/Termac.entitlements;
				COMBINE_HIDPI_IMAGES = YES;
				CURRENT_PROJECT_VERSION = 10;
				INFOPLIST_FILE = Termac/Info.plist;
				LD_RUNPATH_SEARCH_PATHS = (
					"$(inherited)",
					"@executable_path/../Frameworks",
				);
				MARKETING_VERSION = 1.0.8;
				PRODUCT_BUNDLE_IDENTIFIER = com.levi.Termac;
				SDKROOT = macosx;
				SWIFT_STRICT_CONCURRENCY = complete;
			};
			name = Debug;
		};
		F34CCF348FF8781DF8129852 /* Debug */ = {
			isa = XCBuildConfiguration;
			buildSettings = {
				ALWAYS_SEARCH_USER_PATHS = NO;
				ASSETCATALOG_COMPILER_GENERATE_SWIFT_ASSET_SYMBOL_EXTENSIONS = YES;
				CLANG_ANALYZER_NONNULL = YES;
				CLANG_ANALYZER_NUMBER_OBJECT_CONVERSION = YES_AGGRESSIVE;
				CLANG_CXX_LANGUAGE_STANDARD = "gnu++14";
				CLANG_CXX_LIBRARY = "libc++";
				CLANG_ENABLE_MODULES = YES;
				CLANG_ENABLE_OBJC_ARC = YES;
				CLANG_ENABLE_OBJC_WEAK = YES;
				CLANG_WARN_BLOCK_CAPTURE_AUTORELEASING = YES;
				CLANG_WARN_BOOL_CONVERSION = YES;
				CLANG_WARN_COMMA = YES;
				CLANG_WARN_CONSTANT_CONVERSION = YES;
				CLANG_WARN_DEPRECATED_OBJC_IMPLEMENTATIONS = YES;
				CLANG_WARN_DIRECT_OBJC_ISA_USAGE = YES_ERROR;
				CLANG_WARN_DOCUMENTATION_COMMENTS = YES;
				CLANG_WARN_EMPTY_BODY = YES;
				CLANG_WARN_ENUM_CONVERSION = YES;
				CLANG_WARN_INFINITE_RECURSION = YES;
				CLANG_WARN_INT_CONVERSION = YES;
				CLANG_WARN_NON_LITERAL_NULL_CONVERSION = YES;
				CLANG_WARN_OBJC_IMPLICIT_RETAIN_SELF = YES;
				CLANG_WARN_OBJC_LITERAL_CONVERSION = YES;
				CLANG_WARN_OBJC_ROOT_CLASS = YES_ERROR;
				CLANG_WARN_QUOTED_INCLUDE_IN_FRAMEWORK_HEADER = YES;
				CLANG_WARN_RANGE_LOOP_ANALYSIS = YES;
				CLANG_WARN_STRICT_PROTOTYPES = YES;
				CLANG_WARN_SUSPICIOUS_MOVE = YES;
				CLANG_WARN_UNGUARDED_AVAILABILITY = YES_AGGRESSIVE;
				CLANG_WARN_UNREACHABLE_CODE = YES;
				CLANG_WARN__DUPLICATE_METHOD_MATCH = YES;
				COPY_PHASE_STRIP = NO;
				DEAD_CODE_STRIPPING = YES;
				DEBUG_INFORMATION_FORMAT = dwarf;
				DEVELOPMENT_TEAM = 2XGP34AR96;
				ENABLE_STRICT_OBJC_MSGSEND = YES;
				ENABLE_TESTABILITY = YES;
				ENABLE_USER_SCRIPT_SANDBOXING = YES;
				GCC_C_LANGUAGE_STANDARD = gnu11;
				GCC_DYNAMIC_NO_PIC = NO;
				GCC_NO_COMMON_BLOCKS = YES;
				GCC_OPTIMIZATION_LEVEL = 0;
				GCC_PREPROCESSOR_DEFINITIONS = (
					"$(inherited)",
					"DEBUG=1",
				);
				GCC_WARN_64_TO_32_BIT_CONVERSION = YES;
				GCC_WARN_ABOUT_RETURN_TYPE = YES_ERROR;
				GCC_WARN_UNDECLARED_SELECTOR = YES;
				GCC_WARN_UNINITIALIZED_AUTOS = YES_AGGRESSIVE;
				GCC_WARN_UNUSED_FUNCTION = YES;
				GCC_WARN_UNUSED_VARIABLE = YES;
				MACOSX_DEPLOYMENT_TARGET = 15.0;
				MTL_ENABLE_DEBUG_INFO = INCLUDE_SOURCE;
				MTL_FAST_MATH = YES;
				ONLY_ACTIVE_ARCH = YES;
				PRODUCT_NAME = "$(TARGET_NAME)";
				SDKROOT = macosx;
				SWIFT_ACTIVE_COMPILATION_CONDITIONS = DEBUG;
				SWIFT_OPTIMIZATION_LEVEL = "-Onone";
				SWIFT_VERSION = 6.0;
			};
			name = Debug;
		};
/* End XCBuildConfiguration section */

/* Begin XCConfigurationList section */
		54BA1CD4C950987A6E1B3170 /* Build configuration list for PBXNativeTarget "Termac" */ = {
			isa = XCConfigurationList;
			buildConfigurations = (
				B1E8A58BD3FC8D68293579DA /* Debug */,
				77401E0D03EA8B3A82558350 /* Release */,
			);
			defaultConfigurationIsVisible = 0;
			defaultConfigurationName = Debug;
		};
		9BFD4261F51D8037058AC6F7 /* Build configuration list for PBXProject "Termac" */ = {
			isa = XCConfigurationList;
			buildConfigurations = (
				F34CCF348FF8781DF8129852 /* Debug */,
				463DE31DF01B3B48DEDFA47D /* Release */,
			);
			defaultConfigurationIsVisible = 0;
			defaultConfigurationName = Debug;
		};
/* End XCConfigurationList section */

/* Begin XCRemoteSwiftPackageReference section */
		8C66FED3D6B90386511912F8 /* XCRemoteSwiftPackageReference "Sparkle" */ = {
			isa = XCRemoteSwiftPackageReference;
			repositoryURL = "https://github.com/sparkle-project/Sparkle";
			requirement = {
				kind = upToNextMajorVersion;
				minimumVersion = 2.6.0;
			};
		};
		DC51D7C121B0673D0F8223C3 /* XCRemoteSwiftPackageReference "SwiftTerm" */ = {
			isa = XCRemoteSwiftPackageReference;
			repositoryURL = "https://github.com/migueldeicaza/SwiftTerm";
			requirement = {
				kind = upToNextMajorVersion;
				minimumVersion = 1.2.0;
			};
		};
/* End XCRemoteSwiftPackageReference section */

/* Begin XCSwiftPackageProductDependency section */
		92BE316271B9F5387DA99138 /* SwiftTerm */ = {
			isa = XCSwiftPackageProductDependency;
			package = DC51D7C121B0673D0F8223C3 /* XCRemoteSwiftPackageReference "SwiftTerm" */;
			productName = SwiftTerm;
		};
		BB51791940E0588FFF39BB96 /* Sparkle */ = {
			isa = XCSwiftPackageProductDependency;
			package = 8C66FED3D6B90386511912F8 /* XCRemoteSwiftPackageReference "Sparkle" */;
			productName = Sparkle;
		};
/* End XCSwiftPackageProductDependency section */
	};
	rootObject = 1133E74139A0565A271CBD98 /* Project object */;
}
